PODS:
  - AEDataKit (0.0.16):
    - AELocalDataKit
    - AlisNetworking
  - AELocalDataKit (0.0.5)
  - AFNetworking (3.1.0):
    - AFNetworking/NSURLSession (= 3.1.0)
    - AFNetworking/Reachability (= 3.1.0)
    - AFNetworking/Security (= 3.1.0)
    - AFNetworking/Serialization (= 3.1.0)
    - AFNetworking/UIKit (= 3.1.0)
  - AFNetworking/NSURLSession (3.1.0):
    - AFNetworking/Reachability
    - AFNetworking/Security
    - AFNetworking/Serialization
  - AFNetworking/Reachability (3.1.0)
  - AFNetworking/Security (3.1.0)
  - AFNetworking/Serialization (3.1.0)
  - AFNetworking/UIKit (3.1.0):
    - AFNetworking/NSURLSession
  - AlisNetworking (0.1.8):
    - AFNetworking
    - MJExtension
    - SDWebImage
  - MJExtension (3.0.13)
  - SDWebImage (4.1.0):
    - SDWebImage/Core (= 4.1.0)
  - SDWebImage/Core (4.1.0)

DEPENDENCIES:
  - AEDataKit (from `../../../`)

EXTERNAL SOURCES:
  AEDataKit:
    :path: "../../../"

SPEC CHECKSUMS:
  AEDataKit: 80f1513e6bd54c6ce4e6eb317a9f84269f762a7d
  AELocalDataKit: 50670f60faf04f8ddd92555c9670f4c345fd384b
  AFNetworking: 5e0e199f73d8626b11e79750991f5d173d1f8b67
  AlisNetworking: 9b1be3b25d82b8b5664f6dec4d551c620142b028
  MJExtension: 5932755f451458eefa24239358817f8d291240c7
  SDWebImage: 0e435c14e402a6730315a0fb79f95e68654d55a4

PODFILE CHECKSUM: 2c594df96d25719405bcf9804ece9d9b69e309ca

COCOAPODS: 1.2.1
